// !$*UTF8*$!
{
	archiveVersion = 1;
	classes = {
	};
	objectVersion = 46;
	objects = {

/* Begin PBXBuildFile section */
		7F492FF70A16E3D100643204 /* QSYojimboPlugInAction.m in Sources */ = {isa = PBXBuildFile; fileRef = 7F492FF50A16E3D100643204 /* QSYojimboPlugInAction.m */; };
		7F49303B0A16EC3900643204 /* Yojimbo.scpt in Resources */ = {isa = PBXBuildFile; fileRef = 7F49301F0A16E9AD00643204 /* Yojimbo.scpt */; };
		7F4930B70A175E0B00643204 /* QSYojimboPlugInSource.m in Sources */ = {isa = PBXBuildFile; fileRef = 7F4930B60A175E0B00643204 /* QSYojimboPlugInSource.m */; };
		8D1AC9700486D14A00FE50C9 /* Cocoa.framework in Frameworks */ = {isa = PBXBuildFile; fileRef = DD92D38A0106425D02CA0E72 /* Cocoa.framework */; };
		D426EB8C157D40D000B551E6 /* ScriptingBridge.framework in Frameworks */ = {isa = PBXBuildFile; fileRef = D426EB8A157D40C100B551E6 /* ScriptingBridge.framework */; };
		D426EB8D157D40F200B551E6 /* Yojimbo.app in Sources */ = {isa = PBXBuildFile; fileRef = D4F7C8B7157D40030082861B /* Yojimbo.app */; };
		D44F1690157D492500C14FE2 /* QSFoundation.framework in Frameworks */ = {isa = PBXBuildFile; fileRef = D44F168F157D492500C14FE2 /* QSFoundation.framework */; };
		D44F1693157D493000C14FE2 /* QSCore.framework in Frameworks */ = {isa = PBXBuildFile; fileRef = D44F1692157D493000C14FE2 /* QSCore.framework */; };
/* End PBXBuildFile section */

/* Begin PBXBuildRule section */
		D426EB8E157D40FB00B551E6 /* PBXBuildRule */ = {
			isa = PBXBuildRule;
			compilerSpec = com.apple.compilers.proxy.script;
			filePatterns = "*.app";
			fileType = pattern.proxy;
			isEditable = 1;
			outputFiles = (
				"$(DERIVED_FILES_DIR)/$(INPUT_FILE_BASE).h",
			);
			script = "sdef \"$INPUT_FILE_PATH\" | sdp -fh -o \"$DERIVED_FILES_DIR\" --basename \"$INPUT_FILE_BASE\" --bundleid `defaults read \"$INPUT_FILE_PATH/Contents/Info\" CFBundleIdentifier`";
		};
/* End PBXBuildRule section */

/* Begin PBXFileReference section */
		144E38F810D1134C005B1B5E /* Common.xcconfig */ = {isa = PBXFileReference; fileEncoding = 4; lastKnownFileType = text.xcconfig; path = Common.xcconfig; sourceTree = "<group>"; };
		144E38F910D1134C005B1B5E /* Debug.xcconfig */ = {isa = PBXFileReference; fileEncoding = 4; lastKnownFileType = text.xcconfig; path = Debug.xcconfig; sourceTree = "<group>"; };
		144E38FA10D1134C005B1B5E /* Developer.xcconfig */ = {isa = PBXFileReference; fileEncoding = 4; lastKnownFileType = text.xcconfig; path = Developer.xcconfig; sourceTree = "<group>"; };
		144E38FB10D1134C005B1B5E /* QSPlugIn_Debug.xcconfig */ = {isa = PBXFileReference; fileEncoding = 4; lastKnownFileType = text.xcconfig; path = QSPlugIn_Debug.xcconfig; sourceTree = "<group>"; };
		144E38FC10D1134C005B1B5E /* Quicksilver.pch */ = {isa = PBXFileReference; fileEncoding = 4; lastKnownFileType = sourcecode.c.h; name = Quicksilver.pch; path = ../../../../../../../private/tmp/QS/Configuration/Quicksilver.pch; sourceTree = "<group>"; };
		144E38FD10D1134C005B1B5E /* QSPlugIn_Release.xcconfig */ = {isa = PBXFileReference; fileEncoding = 4; lastKnownFileType = text.xcconfig; path = QSPlugIn_Release.xcconfig; sourceTree = "<group>"; };
		144E38FE10D1134C005B1B5E /* QSPlugIn.xcconfig */ = {isa = PBXFileReference; fileEncoding = 4; lastKnownFileType = text.xcconfig; path = QSPlugIn.xcconfig; sourceTree = "<group>"; };
		144E38FF10D1134C005B1B5E /* Release.xcconfig */ = {isa = PBXFileReference; fileEncoding = 4; lastKnownFileType = text.xcconfig; path = Release.xcconfig; sourceTree = "<group>"; };
		32DBCF980370C29C00C91783 /* QSYojimboPlugInDefines.h */ = {isa = PBXFileReference; fileEncoding = 4; lastKnownFileType = sourcecode.c.h; path = QSYojimboPlugInDefines.h; sourceTree = "<group>"; };
		7F492FF50A16E3D100643204 /* QSYojimboPlugInAction.m */ = {isa = PBXFileReference; fileEncoding = 30; lastKnownFileType = sourcecode.c.objc; path = QSYojimboPlugInAction.m; sourceTree = "<group>"; };
		7F492FF60A16E3D100643204 /* QSYojimboPlugInAction.h */ = {isa = PBXFileReference; fileEncoding = 30; lastKnownFileType = sourcecode.c.h; path = QSYojimboPlugInAction.h; sourceTree = "<group>"; };
		7F49301F0A16E9AD00643204 /* Yojimbo.scpt */ = {isa = PBXFileReference; fileEncoding = 30; lastKnownFileType = sourcecode.scpt; path = Yojimbo.scpt; sourceTree = "<group>"; };
		7F4930B50A175E0B00643204 /* QSYojimboPlugInSource.h */ = {isa = PBXFileReference; fileEncoding = 30; lastKnownFileType = sourcecode.c.h; path = QSYojimboPlugInSource.h; sourceTree = "<group>"; };
		7F4930B60A175E0B00643204 /* QSYojimboPlugInSource.m */ = {isa = PBXFileReference; fileEncoding = 30; indentWidth = 2; lastKnownFileType = sourcecode.c.objc; path = QSYojimboPlugInSource.m; sourceTree = "<group>"; tabWidth = 2; usesTabs = 0; };
		8D1AC9730486D14A00FE50C9 /* Info.plist */ = {isa = PBXFileReference; fileEncoding = 4; lastKnownFileType = text.plist; path = Info.plist; sourceTree = "<group>"; };
		8D1AC9740486D14A00FE50C9 /* Yojimbo Module.qsplugin */ = {isa = PBXFileReference; explicitFileType = wrapper.cfbundle; includeInIndex = 0; path = "Yojimbo Module.qsplugin"; sourceTree = BUILT_PRODUCTS_DIR; };
		D426EB8A157D40C100B551E6 /* ScriptingBridge.framework */ = {isa = PBXFileReference; lastKnownFileType = wrapper.framework; name = ScriptingBridge.framework; path = System/Library/Frameworks/ScriptingBridge.framework; sourceTree = SDKROOT; };
		D44F168F157D492500C14FE2 /* QSFoundation.framework */ = {isa = PBXFileReference; lastKnownFileType = wrapper.framework; path = QSFoundation.framework; sourceTree = BUILT_PRODUCTS_DIR; };
		D44F1692157D493000C14FE2 /* QSCore.framework */ = {isa = PBXFileReference; lastKnownFileType = wrapper.framework; path = QSCore.framework; sourceTree = BUILT_PRODUCTS_DIR; };
		D4F7C8B7157D40030082861B /* Yojimbo.app */ = {isa = PBXFileReference; lastKnownFileType = folder; name = Yojimbo.app; path = /Applications/Yojimbo.app; sourceTree = "<absolute>"; };
		DD92D38A0106425D02CA0E72 /* Cocoa.framework */ = {isa = PBXFileReference; lastKnownFileType = wrapper.framework; name = Cocoa.framework; path = /System/Library/Frameworks/Cocoa.framework; sourceTree = "<absolute>"; };
/* End PBXFileReference section */

/* Begin PBXFrameworksBuildPhase section */
		8D1AC96E0486D14A00FE50C9 /* Frameworks */ = {
			isa = PBXFrameworksBuildPhase;
			buildActionMask = 2147483647;
			files = (
				D44F1693157D493000C14FE2 /* QSCore.framework in Frameworks */,
				D44F1690157D492500C14FE2 /* QSFoundation.framework in Frameworks */,
				8D1AC9700486D14A00FE50C9 /* Cocoa.framework in Frameworks */,
				D426EB8C157D40D000B551E6 /* ScriptingBridge.framework in Frameworks */,
			);
			runOnlyForDeploymentPostprocessing = 0;
		};
/* End PBXFrameworksBuildPhase section */

/* Begin PBXGroup section */
		0259C574FE90428111CA0C5A /* QSYojimboPlugIn */ = {
			isa = PBXGroup;
			children = (
				D44F1692157D493000C14FE2 /* QSCore.framework */,
				D44F168F157D492500C14FE2 /* QSFoundation.framework */,
				144E38F510D11331005B1B5E /* Configuration */,
				32DBCF9E0370C38000C91783 /* Classes */,
				32DBCF9F0370C38200C91783 /* Other Sources */,
				0259C582FE90428111CA0C5A /* Resources */,
				1ED78706FE9D4A0611CA0C5A /* Products */,
				2E58F364FFB232C311CA0CBA /* Frameworks */,
			);
			name = QSYojimboPlugIn;
			sourceTree = "<group>";
		};
		0259C582FE90428111CA0C5A /* Resources */ = {
			isa = PBXGroup;
			children = (
				7F49301F0A16E9AD00643204 /* Yojimbo.scpt */,
				8D1AC9730486D14A00FE50C9 /* Info.plist */,
				D4F7C8B7157D40030082861B /* Yojimbo.app */,
			);
			name = Resources;
			sourceTree = "<group>";
		};
		144E38F510D11331005B1B5E /* Configuration */ = {
			isa = PBXGroup;
			children = (
				144E38F810D1134C005B1B5E /* Common.xcconfig */,
				144E38F910D1134C005B1B5E /* Debug.xcconfig */,
				144E38FA10D1134C005B1B5E /* Developer.xcconfig */,
				144E38FB10D1134C005B1B5E /* QSPlugIn_Debug.xcconfig */,
				144E38FC10D1134C005B1B5E /* Quicksilver.pch */,
				144E38FD10D1134C005B1B5E /* QSPlugIn_Release.xcconfig */,
				144E38FE10D1134C005B1B5E /* QSPlugIn.xcconfig */,
				144E38FF10D1134C005B1B5E /* Release.xcconfig */,
			);
			path = Configuration;
			sourceTree = QS_SOURCE_ROOT;
		};
		1ED78706FE9D4A0611CA0C5A /* Products */ = {
			isa = PBXGroup;
			children = (
				8D1AC9740486D14A00FE50C9 /* Yojimbo Module.qsplugin */,
			);
			name = Products;
			sourceTree = "<group>";
		};
		2E58F364FFB232C311CA0CBA /* Frameworks */ = {
			isa = PBXGroup;
			children = (
				D426EB8A157D40C100B551E6 /* ScriptingBridge.framework */,
				DD92D38A0106425D02CA0E72 /* Cocoa.framework */,
			);
			name = Frameworks;
			sourceTree = "<group>";
		};
		32DBCF9E0370C38000C91783 /* Classes */ = {
			isa = PBXGroup;
			children = (
				7F492FF50A16E3D100643204 /* QSYojimboPlugInAction.m */,
				7F492FF60A16E3D100643204 /* QSYojimboPlugInAction.h */,
				7F4930B50A175E0B00643204 /* QSYojimboPlugInSource.h */,
				7F4930B60A175E0B00643204 /* QSYojimboPlugInSource.m */,
			);
			name = Classes;
			sourceTree = "<group>";
		};
		32DBCF9F0370C38200C91783 /* Other Sources */ = {
			isa = PBXGroup;
			children = (
				32DBCF980370C29C00C91783 /* QSYojimboPlugInDefines.h */,
			);
			name = "Other Sources";
			sourceTree = "<group>";
		};
/* End PBXGroup section */

/* Begin PBXNativeTarget section */
		8D1AC9600486D14A00FE50C9 /* Yojimbo Module */ = {
			isa = PBXNativeTarget;
			buildConfigurationList = 7F6B3EEB085CE8DF000735A8 /* Build configuration list for PBXNativeTarget "Yojimbo Module" */;
			buildPhases = (
				8D1AC9660486D14A00FE50C9 /* Resources */,
				8D1AC96A0486D14A00FE50C9 /* Sources */,
				8D1AC96E0486D14A00FE50C9 /* Frameworks */,
				E1022B2806B3475D00299BEC /* ShellScript */,
			);
			buildRules = (
				D426EB8E157D40FB00B551E6 /* PBXBuildRule */,
			);
			dependencies = (
			);
			name = "Yojimbo Module";
			productInstallPath = "$(HOME)/Developer/Palettes";
			productName = QSYojimboPlugIn;
			productReference = 8D1AC9740486D14A00FE50C9 /* Yojimbo Module.qsplugin */;
			productType = "com.apple.product-type.bundle";
		};
/* End PBXNativeTarget section */

/* Begin PBXProject section */
		0259C573FE90428111CA0C5A /* Project object */ = {
			isa = PBXProject;
			attributes = {
				LastUpgradeCheck = 0420;
			};
			buildConfigurationList = 7F6B3EEF085CE8DF000735A8 /* Build configuration list for PBXProject "QSYojimboPlugIn" */;
			compatibilityVersion = "Xcode 3.2";
			developmentRegion = English;
			hasScannedForEncodings = 1;
			knownRegions = (
				English,
				Japanese,
				French,
				German,
			);
			mainGroup = 0259C574FE90428111CA0C5A /* QSYojimboPlugIn */;
			projectDirPath = "";
			projectRoot = "";
			targets = (
				8D1AC9600486D14A00FE50C9 /* Yojimbo Module */,
			);
		};
/* End PBXProject section */

/* Begin PBXResourcesBuildPhase section */
		8D1AC9660486D14A00FE50C9 /* Resources */ = {
			isa = PBXResourcesBuildPhase;
			buildActionMask = 2147483647;
			files = (
				7F49303B0A16EC3900643204 /* Yojimbo.scpt in Resources */,
			);
			runOnlyForDeploymentPostprocessing = 0;
		};
/* End PBXResourcesBuildPhase section */

/* Begin PBXShellScriptBuildPhase section */
		E1022B2806B3475D00299BEC /* ShellScript */ = {
			isa = PBXShellScriptBuildPhase;
			buildActionMask = 8;
			files = (
			);
			inputPaths = (
			);
			outputPaths = (
			);
			runOnlyForDeploymentPostprocessing = 1;
			shellPath = /bin/sh;
			shellScript = "$SRCROOT/bltrversion $INFOPLIST_FILE";
		};
/* End PBXShellScriptBuildPhase section */

/* Begin PBXSourcesBuildPhase section */
		8D1AC96A0486D14A00FE50C9 /* Sources */ = {
			isa = PBXSourcesBuildPhase;
			buildActionMask = 2147483647;
			files = (
				D426EB8D157D40F200B551E6 /* Yojimbo.app in Sources */,
				7F492FF70A16E3D100643204 /* QSYojimboPlugInAction.m in Sources */,
				7F4930B70A175E0B00643204 /* QSYojimboPlugInSource.m in Sources */,
			);
			runOnlyForDeploymentPostprocessing = 0;
		};
/* End PBXSourcesBuildPhase section */

/* Begin XCBuildConfiguration section */
		7F6B3EEC085CE8DF000735A8 /* Debug */ = {
			isa = XCBuildConfiguration;
			baseConfigurationReference = 144E38FB10D1134C005B1B5E /* QSPlugIn_Debug.xcconfig */;
			buildSettings = {
				FRAMEWORK_SEARCH_PATHS = (
					"$(inherited)",
					/tmp/QS/build/Release,
				);
				OTHER_LDFLAGS = "-bundle";
				PRODUCT_NAME = "Yojimbo Module";
				ZERO_LINK = YES;
			};
			name = Debug;
		};
		7F6B3EED085CE8DF000735A8 /* Release */ = {
			isa = XCBuildConfiguration;
			baseConfigurationReference = 144E38FD10D1134C005B1B5E /* QSPlugIn_Release.xcconfig */;
			buildSettings = {
				FRAMEWORK_SEARCH_PATHS = (
					"$(inherited)",
					/tmp/QS/build/Release,
				);
				OTHER_LDFLAGS = "-bundle";
				PRODUCT_NAME = "Yojimbo Module";
				ZERO_LINK = NO;
			};
			name = Release;
		};
		7F6B3EF0085CE8DF000735A8 /* Debug */ = {
			isa = XCBuildConfiguration;
			baseConfigurationReference = 144E38F910D1134C005B1B5E /* Debug.xcconfig */;
			buildSettings = {
			};
			name = Debug;
		};
		7F6B3EF1085CE8DF000735A8 /* Release */ = {
			isa = XCBuildConfiguration;
			baseConfigurationReference = 144E38FF10D1134C005B1B5E /* Release.xcconfig */;
			buildSettings = {
			};
			name = Release;
		};
/* End XCBuildConfiguration section */

/* Begin XCConfigurationList section */
		7F6B3EEB085CE8DF000735A8 /* Build configuration list for PBXNativeTarget "Yojimbo Module" */ = {
			isa = XCConfigurationList;
			buildConfigurations = (
				7F6B3EEC085CE8DF000735A8 /* Debug */,
				7F6B3EED085CE8DF000735A8 /* Release */,
			);
			defaultConfigurationIsVisible = 0;
			defaultConfigurationName = Release;
		};
		7F6B3EEF085CE8DF000735A8 /* Build configuration list for PBXProject "QSYojimboPlugIn" */ = {
			isa = XCConfigurationList;
			buildConfigurations = (
				7F6B3EF0085CE8DF000735A8 /* Debug */,
				7F6B3EF1085CE8DF000735A8 /* Release */,
			);
			defaultConfigurationIsVisible = 0;
			defaultConfigurationName = Release;
		};
/* End XCConfigurationList section */
	};
	rootObject = 0259C573FE90428111CA0C5A /* Project object */;
}
