// !$*UTF8*$!
{
	archiveVersion = 1;
	classes = {
	};
	objectVersion = 46;
	objects = {

/* Begin PBXBuildFile section */
		7F492FF70A16E3D100643204 /* QSYojimboPlugInAction.m in Sources */ = {isa = PBXBuildFile; fileRef = 7F492FF50A16E3D100643204 /* QSYojimboPlugInAction.m */; };
		7F4930B70A175E0B00643204 /* QSYojimboPlugInSource.m in Sources */ = {isa = PBXBuildFile; fileRef = 7F4930B60A175E0B00643204 /* QSYojimboPlugInSource.m */; };
		8D1AC9700486D14A00FE50C9 /* Cocoa.framework in Frameworks */ = {isa = PBXBuildFile; fileRef = DD92D38A0106425D02CA0E72 /* Cocoa.framework */; };
		D426EB8C157D40D000B551E6 /* ScriptingBridge.framework in Frameworks */ = {isa = PBXBuildFile; fileRef = D426EB8A157D40C100B551E6 /* ScriptingBridge.framework */; };
		D4C306C918735805007688BB /* QSYojimboSelectionSource.m in Sources */ = {isa = PBXBuildFile; fileRef = D4C306C818735805007688BB /* QSYojimboSelectionSource.m */; };
/* End PBXBuildFile section */

/* Begin PBXBuildRule section */
		D426EB8E157D40FB00B551E6 /* PBXBuildRule */ = {
			isa = PBXBuildRule;
			compilerSpec = com.apple.compilers.proxy.script;
			filePatterns = "*.app";
			fileType = pattern.proxy;
			inputFiles = (
			);
			isEditable = 1;
			outputFiles = (
				"$(DERIVED_FILES_DIR)/$(INPUT_FILE_BASE).h",
			);
			script = "sdef \"$INPUT_FILE_PATH\" | sdp -fh -o \"$DERIVED_FILES_DIR\" --basename \"$INPUT_FILE_BASE\" --bundleid `defaults read \"$INPUT_FILE_PATH/Contents/Info\" CFBundleIdentifier`";
		};
/* End PBXBuildRule section */

/* Begin PBXFileReference section */
		32DBCF980370C29C00C91783 /* QSYojimboPlugInDefines.h */ = {isa = PBXFileReference; fileEncoding = 4; lastKnownFileType = sourcecode.c.h; path = QSYojimboPlugInDefines.h; sourceTree = "<group>"; };
		7F492FF50A16E3D100643204 /* QSYojimboPlugInAction.m */ = {isa = PBXFileReference; fileEncoding = 30; lastKnownFileType = sourcecode.c.objc; path = QSYojimboPlugInAction.m; sourceTree = "<group>"; };
		7F492FF60A16E3D100643204 /* QSYojimboPlugInAction.h */ = {isa = PBXFileReference; fileEncoding = 30; lastKnownFileType = sourcecode.c.h; path = QSYojimboPlugInAction.h; sourceTree = "<group>"; };
		7F4930B50A175E0B00643204 /* QSYojimboPlugInSource.h */ = {isa = PBXFileReference; fileEncoding = 30; lastKnownFileType = sourcecode.c.h; path = QSYojimboPlugInSource.h; sourceTree = "<group>"; };
		7F4930B60A175E0B00643204 /* QSYojimboPlugInSource.m */ = {isa = PBXFileReference; fileEncoding = 30; indentWidth = 2; lastKnownFileType = sourcecode.c.objc; path = QSYojimboPlugInSource.m; sourceTree = "<group>"; tabWidth = 2; usesTabs = 0; };
		8D1AC9730486D14A00FE50C9 /* Info.plist */ = {isa = PBXFileReference; fileEncoding = 4; lastKnownFileType = text.plist; path = Info.plist; sourceTree = "<group>"; };
		8D1AC9740486D14A00FE50C9 /* Yojimbo Plugin.qsplugin */ = {isa = PBXFileReference; explicitFileType = wrapper.cfbundle; includeInIndex = 0; path = "Yojimbo Plugin.qsplugin"; sourceTree = BUILT_PRODUCTS_DIR; };
		D426EB8A157D40C100B551E6 /* ScriptingBridge.framework */ = {isa = PBXFileReference; lastKnownFileType = wrapper.framework; name = ScriptingBridge.framework; path = System/Library/Frameworks/ScriptingBridge.framework; sourceTree = SDKROOT; };
		D451550827AE28A00046CA01 /* Yojimbo.h */ = {isa = PBXFileReference; fileEncoding = 4; lastKnownFileType = sourcecode.c.h; path = Yojimbo.h; sourceTree = "<group>"; };
		D4C306C718735805007688BB /* QSYojimboSelectionSource.h */ = {isa = PBXFileReference; fileEncoding = 4; lastKnownFileType = sourcecode.c.h; path = QSYojimboSelectionSource.h; sourceTree = "<group>"; };
		D4C306C818735805007688BB /* QSYojimboSelectionSource.m */ = {isa = PBXFileReference; fileEncoding = 4; lastKnownFileType = sourcecode.c.objc; path = QSYojimboSelectionSource.m; sourceTree = "<group>"; };
		D4F65F7C16C6E2AB0055A6FE /* Common.xcconfig */ = {isa = PBXFileReference; lastKnownFileType = text.xcconfig; path = Common.xcconfig; sourceTree = "<group>"; };
		D4F65F7D16C6E2AB0055A6FE /* Debug.xcconfig */ = {isa = PBXFileReference; lastKnownFileType = text.xcconfig; path = Debug.xcconfig; sourceTree = "<group>"; };
		D4F65F7E16C6E2AB0055A6FE /* Developer.xcconfig */ = {isa = PBXFileReference; lastKnownFileType = text.xcconfig; path = Developer.xcconfig; sourceTree = "<group>"; };
		D4F65F7F16C6E2AB0055A6FE /* QSPlugIn.xcconfig */ = {isa = PBXFileReference; lastKnownFileType = text.xcconfig; path = QSPlugIn.xcconfig; sourceTree = "<group>"; };
		D4F65F8016C6E2AB0055A6FE /* Quicksilver.pch */ = {isa = PBXFileReference; lastKnownFileType = sourcecode.c.h; path = Quicksilver.pch; sourceTree = "<group>"; };
		D4F65F8116C6E2AB0055A6FE /* Release.xcconfig */ = {isa = PBXFileReference; lastKnownFileType = text.xcconfig; path = Release.xcconfig; sourceTree = "<group>"; };
		DD92D38A0106425D02CA0E72 /* Cocoa.framework */ = {isa = PBXFileReference; lastKnownFileType = wrapper.framework; name = Cocoa.framework; path = /System/Library/Frameworks/Cocoa.framework; sourceTree = "<absolute>"; };
/* End PBXFileReference section */

/* Begin PBXFrameworksBuildPhase section */
		8D1AC96E0486D14A00FE50C9 /* Frameworks */ = {
			isa = PBXFrameworksBuildPhase;
			buildActionMask = 2147483647;
			files = (
				8D1AC9700486D14A00FE50C9 /* Cocoa.framework in Frameworks */,
				D426EB8C157D40D000B551E6 /* ScriptingBridge.framework in Frameworks */,
			);
			runOnlyForDeploymentPostprocessing = 0;
		};
/* End PBXFrameworksBuildPhase section */

/* Begin PBXGroup section */
		0259C574FE90428111CA0C5A /* QSYojimboPlugIn */ = {
			isa = PBXGroup;
			children = (
				D4F65F7B16C6E2AB0055A6FE /* Configuration */,
				32DBCF9E0370C38000C91783 /* Classes */,
				32DBCF9F0370C38200C91783 /* Other Sources */,
				0259C582FE90428111CA0C5A /* Resources */,
				1ED78706FE9D4A0611CA0C5A /* Products */,
				2E58F364FFB232C311CA0CBA /* Frameworks */,
			);
			name = QSYojimboPlugIn;
			sourceTree = "<group>";
		};
		0259C582FE90428111CA0C5A /* Resources */ = {
			isa = PBXGroup;
			children = (
				8D1AC9730486D14A00FE50C9 /* Info.plist */,
			);
			name = Resources;
			sourceTree = "<group>";
		};
		1ED78706FE9D4A0611CA0C5A /* Products */ = {
			isa = PBXGroup;
			children = (
				8D1AC9740486D14A00FE50C9 /* Yojimbo Plugin.qsplugin */,
			);
			name = Products;
			sourceTree = "<group>";
		};
		2E58F364FFB232C311CA0CBA /* Frameworks */ = {
			isa = PBXGroup;
			children = (
				D426EB8A157D40C100B551E6 /* ScriptingBridge.framework */,
				DD92D38A0106425D02CA0E72 /* Cocoa.framework */,
			);
			name = Frameworks;
			sourceTree = "<group>";
		};
		32DBCF9E0370C38000C91783 /* Classes */ = {
			isa = PBXGroup;
			children = (
				7F492FF50A16E3D100643204 /* QSYojimboPlugInAction.m */,
				7F492FF60A16E3D100643204 /* QSYojimboPlugInAction.h */,
				7F4930B50A175E0B00643204 /* QSYojimboPlugInSource.h */,
				7F4930B60A175E0B00643204 /* QSYojimboPlugInSource.m */,
				D4C306C718735805007688BB /* QSYojimboSelectionSource.h */,
				D4C306C818735805007688BB /* QSYojimboSelectionSource.m */,
			);
			name = Classes;
			sourceTree = "<group>";
		};
		32DBCF9F0370C38200C91783 /* Other Sources */ = {
			isa = PBXGroup;
			children = (
				32DBCF980370C29C00C91783 /* QSYojimboPlugInDefines.h */,
				D451550827AE28A00046CA01 /* Yojimbo.h */,
			);
			name = "Other Sources";
			sourceTree = "<group>";
		};
		D4F65F7B16C6E2AB0055A6FE /* Configuration */ = {
			isa = PBXGroup;
			children = (
				D4F65F7C16C6E2AB0055A6FE /* Common.xcconfig */,
				D4F65F7D16C6E2AB0055A6FE /* Debug.xcconfig */,
				D4F65F7E16C6E2AB0055A6FE /* Developer.xcconfig */,
				D4F65F7F16C6E2AB0055A6FE /* QSPlugIn.xcconfig */,
				D4F65F8016C6E2AB0055A6FE /* Quicksilver.pch */,
				D4F65F8116C6E2AB0055A6FE /* Release.xcconfig */,
			);
			name = Configuration;
			path = /private/tmp/QS/Configuration;
			sourceTree = "<absolute>";
		};
/* End PBXGroup section */

/* Begin PBXNativeTarget section */
		8D1AC9600486D14A00FE50C9 /* Yojimbo Plugin */ = {
			isa = PBXNativeTarget;
			buildConfigurationList = 7F6B3EEB085CE8DF000735A8 /* Build configuration list for PBXNativeTarget "Yojimbo Plugin" */;
			buildPhases = (
				8D1AC9660486D14A00FE50C9 /* Resources */,
				8D1AC96A0486D14A00FE50C9 /* Sources */,
				8D1AC96E0486D14A00FE50C9 /* Frameworks */,
			);
			buildRules = (
				D426EB8E157D40FB00B551E6 /* PBXBuildRule */,
			);
			dependencies = (
			);
			name = "Yojimbo Plugin";
			productInstallPath = "$(HOME)/Developer/Palettes";
			productName = QSYojimboPlugIn;
			productReference = 8D1AC9740486D14A00FE50C9 /* Yojimbo Plugin.qsplugin */;
			productType = "com.apple.product-type.bundle";
		};
/* End PBXNativeTarget section */

/* Begin PBXProject section */
		0259C573FE90428111CA0C5A /* Project object */ = {
			isa = PBXProject;
			attributes = {
				LastUpgradeCheck = 0460;
				TargetAttributes = {
					8D1AC9600486D14A00FE50C9 = {
						ProvisioningStyle = Manual;
					};
				};
			};
			buildConfigurationList = 7F6B3EEF085CE8DF000735A8 /* Build configuration list for PBXProject "QSYojimboPlugIn" */;
			compatibilityVersion = "Xcode 3.2";
			developmentRegion = English;
			hasScannedForEncodings = 1;
			knownRegions = (
				English,
				Japanese,
				French,
				German,
			);
			mainGroup = 0259C574FE90428111CA0C5A /* QSYojimboPlugIn */;
			projectDirPath = "";
			projectRoot = "";
			targets = (
				8D1AC9600486D14A00FE50C9 /* Yojimbo Plugin */,
			);
		};
/* End PBXProject section */

/* Begin PBXResourcesBuildPhase section */
		8D1AC9660486D14A00FE50C9 /* Resources */ = {
			isa = PBXResourcesBuildPhase;
			buildActionMask = 2147483647;
			files = (
			);
			runOnlyForDeploymentPostprocessing = 0;
		};
/* End PBXResourcesBuildPhase section */

/* Begin PBXSourcesBuildPhase section */
		8D1AC96A0486D14A00FE50C9 /* Sources */ = {
			isa = PBXSourcesBuildPhase;
			buildActionMask = 2147483647;
			files = (
				D4C306C918735805007688BB /* QSYojimboSelectionSource.m in Sources */,
				7F492FF70A16E3D100643204 /* QSYojimboPlugInAction.m in Sources */,
				7F4930B70A175E0B00643204 /* QSYojimboPlugInSource.m in Sources */,
			);
			runOnlyForDeploymentPostprocessing = 0;
		};
/* End PBXSourcesBuildPhase section */

/* Begin XCBuildConfiguration section */
		7F6B3EEC085CE8DF000735A8 /* Debug */ = {
			isa = XCBuildConfiguration;
			baseConfigurationReference = D4F65F7F16C6E2AB0055A6FE /* QSPlugIn.xcconfig */;
			buildSettings = {
				COMBINE_HIDPI_IMAGES = YES;
				PRODUCT_NAME = "$(TARGET_NAME)";
			};
			name = Debug;
		};
		7F6B3EED085CE8DF000735A8 /* Release */ = {
			isa = XCBuildConfiguration;
			baseConfigurationReference = D4F65F7F16C6E2AB0055A6FE /* QSPlugIn.xcconfig */;
			buildSettings = {
				COMBINE_HIDPI_IMAGES = YES;
				PRODUCT_NAME = "$(TARGET_NAME)";
			};
			name = Release;
		};
		7F6B3EF0085CE8DF000735A8 /* Debug */ = {
			isa = XCBuildConfiguration;
			baseConfigurationReference = D4F65F7D16C6E2AB0055A6FE /* Debug.xcconfig */;
			buildSettings = {
			};
			name = Debug;
		};
		7F6B3EF1085CE8DF000735A8 /* Release */ = {
			isa = XCBuildConfiguration;
			baseConfigurationReference = D4F65F8116C6E2AB0055A6FE /* Release.xcconfig */;
			buildSettings = {
			};
			name = Release;
		};
/* End XCBuildConfiguration section */

/* Begin XCConfigurationList section */
		7F6B3EEB085CE8DF000735A8 /* Build configuration list for PBXNativeTarget "Yojimbo Plugin" */ = {
			isa = XCConfigurationList;
			buildConfigurations = (
				7F6B3EEC085CE8DF000735A8 /* Debug */,
				7F6B3EED085CE8DF000735A8 /* Release */,
			);
			defaultConfigurationIsVisible = 0;
			defaultConfigurationName = Release;
		};
		7F6B3EEF085CE8DF000735A8 /* Build configuration list for PBXProject "QSYojimboPlugIn" */ = {
			isa = XCConfigurationList;
			buildConfigurations = (
				7F6B3EF0085CE8DF000735A8 /* Debug */,
				7F6B3EF1085CE8DF000735A8 /* Release */,
			);
			defaultConfigurationIsVisible = 0;
			defaultConfigurationName = Release;
		};
/* End XCConfigurationList section */
	};
	rootObject = 0259C573FE90428111CA0C5A /* Project object */;
}
